// !$*UTF8*$!
{
	archiveVersion = 1;
	classes = {
	};
	objectVersion = 50;
	objects = {

/* Begin PBXBuildFile section */
		074FC810228254E100D50231 /* AppDelegate.swift in Sources */ = {isa = PBXBuildFile; fileRef = 074FC80F228254E100D50231 /* AppDelegate.swift */; };
		074FC812228254E100D50231 /* WelcomeVC.swift in Sources */ = {isa = PBXBuildFile; fileRef = 074FC811228254E100D50231 /* WelcomeVC.swift */; };
		074FC815228254E100D50231 /* Main.storyboard in Resources */ = {isa = PBXBuildFile; fileRef = 074FC813228254E100D50231 /* Main.storyboard */; };
		074FC817228254E200D50231 /* Assets.xcassets in Resources */ = {isa = PBXBuildFile; fileRef = 074FC816228254E200D50231 /* Assets.xcassets */; };
		074FC81A228254E200D50231 /* LaunchScreen.storyboard in Resources */ = {isa = PBXBuildFile; fileRef = 074FC818228254E200D50231 /* LaunchScreen.storyboard */; };
		074FC82322825A9800D50231 /* BorderButton.swift in Sources */ = {isa = PBXBuildFile; fileRef = 074FC82222825A9800D50231 /* BorderButton.swift */; };
		07EE282C228393D700B41D1F /* LeagueVC.swift in Sources */ = {isa = PBXBuildFile; fileRef = 07EE282B228393D700B41D1F /* LeagueVC.swift */; };
		07EE282E228393EB00B41D1F /* SkillVC.swift in Sources */ = {isa = PBXBuildFile; fileRef = 07EE282D228393EB00B41D1F /* SkillVC.swift */; };
		07EE283022839FE100B41D1F /* Player.swift in Sources */ = {isa = PBXBuildFile; fileRef = 07EE282F22839FE100B41D1F /* Player.swift */; };
/* End PBXBuildFile section */

/* Begin PBXFileReference section */
		074FC80C228254E100D50231 /* Swoosh App.app */ = {isa = PBXFileReference; explicitFileType = wrapper.application; includeInIndex = 0; path = "Swoosh App.app"; sourceTree = BUILT_PRODUCTS_DIR; };
		074FC80F228254E100D50231 /* AppDelegate.swift */ = {isa = PBXFileReference; lastKnownFileType = sourcecode.swift; path = AppDelegate.swift; sourceTree = "<group>"; };
		074FC811228254E100D50231 /* WelcomeVC.swift */ = {isa = PBXFileReference; lastKnownFileType = sourcecode.swift; path = WelcomeVC.swift; sourceTree = "<group>"; };
		074FC814228254E100D50231 /* Base */ = {isa = PBXFileReference; lastKnownFileType = file.storyboard; name = Base; path = Base.lproj/Main.storyboard; sourceTree = "<group>"; };
		074FC816228254E200D50231 /* Assets.xcassets */ = {isa = PBXFileReference; lastKnownFileType = folder.assetcatalog; path = Assets.xcassets; sourceTree = "<group>"; };
		074FC819228254E200D50231 /* Base */ = {isa = PBXFileReference; lastKnownFileType = file.storyboard; name = Base; path = Base.lproj/LaunchScreen.storyboard; sourceTree = "<group>"; };
		074FC81B228254E200D50231 /* Info.plist */ = {isa = PBXFileReference; lastKnownFileType = text.plist.xml; path = Info.plist; sourceTree = "<group>"; };
		074FC82222825A9800D50231 /* BorderButton.swift */ = {isa = PBXFileReference; lastKnownFileType = sourcecode.swift; path = BorderButton.swift; sourceTree = "<group>"; };
		07EE282B228393D700B41D1F /* LeagueVC.swift */ = {isa = PBXFileReference; lastKnownFileType = sourcecode.swift; path = LeagueVC.swift; sourceTree = "<group>"; };
		07EE282D228393EB00B41D1F /* SkillVC.swift */ = {isa = PBXFileReference; lastKnownFileType = sourcecode.swift; path = SkillVC.swift; sourceTree = "<group>"; };
		07EE282F22839FE100B41D1F /* Player.swift */ = {isa = PBXFileReference; lastKnownFileType = sourcecode.swift; path = Player.swift; sourceTree = "<group>"; };
/* End PBXFileReference section */

/* Begin PBXFrameworksBuildPhase section */
		074FC809228254E100D50231 /* Frameworks */ = {
			isa = PBXFrameworksBuildPhase;
			buildActionMask = 2147483647;
			files = (
			);
			runOnlyForDeploymentPostprocessing = 0;
		};
/* End PBXFrameworksBuildPhase section */

/* Begin PBXGroup section */
		074FC803228254E100D50231 = {
			isa = PBXGroup;
			children = (
				074FC80E228254E100D50231 /* Swoosh App */,
				074FC80D228254E100D50231 /* Products */,
			);
			sourceTree = "<group>";
		};
		074FC80D228254E100D50231 /* Products */ = {
			isa = PBXGroup;
			children = (
				074FC80C228254E100D50231 /* Swoosh App.app */,
			);
			name = Products;
			sourceTree = "<group>";
		};
		074FC80E228254E100D50231 /* Swoosh App */ = {
			isa = PBXGroup;
			children = (
				07EE282A2283926900B41D1F /* Model */,
				07EE28292283925700B41D1F /* Controller */,
				074FC82122825A1D00D50231 /* View */,
				074FC80F228254E100D50231 /* AppDelegate.swift */,
				074FC813228254E100D50231 /* Main.storyboard */,
				074FC816228254E200D50231 /* Assets.xcassets */,
				074FC818228254E200D50231 /* LaunchScreen.storyboard */,
				074FC81B228254E200D50231 /* Info.plist */,
			);
			path = "Swoosh App";
			sourceTree = "<group>";
		};
		074FC82122825A1D00D50231 /* View */ = {
			isa = PBXGroup;
			children = (
				074FC82222825A9800D50231 /* BorderButton.swift */,
			);
			path = View;
			sourceTree = "<group>";
		};
		07EE28292283925700B41D1F /* Controller */ = {
			isa = PBXGroup;
			children = (
				074FC811228254E100D50231 /* WelcomeVC.swift */,
				07EE282B228393D700B41D1F /* LeagueVC.swift */,
				07EE282D228393EB00B41D1F /* SkillVC.swift */,
			);
			path = Controller;
			sourceTree = "<group>";
		};
		07EE282A2283926900B41D1F /* Model */ = {
			isa = PBXGroup;
			children = (
				07EE282F22839FE100B41D1F /* Player.swift */,
			);
			path = Model;
			sourceTree = "<group>";
		};
/* End PBXGroup section */

/* Begin PBXNativeTarget section */
		074FC80B228254E100D50231 /* Swoosh App */ = {
			isa = PBXNativeTarget;
			buildConfigurationList = 074FC81E228254E200D50231 /* Build configuration list for PBXNativeTarget "Swoosh App" */;
			buildPhases = (
				074FC808228254E100D50231 /* Sources */,
				074FC809228254E100D50231 /* Frameworks */,
				074FC80A228254E100D50231 /* Resources */,
			);
			buildRules = (
			);
			dependencies = (
			);
			name = "Swoosh App";
			productName = "Swoosh App";
			productReference = 074FC80C228254E100D50231 /* Swoosh App.app */;
			productType = "com.apple.product-type.application";
		};
/* End PBXNativeTarget section */

/* Begin PBXProject section */
		074FC804228254E100D50231 /* Project object */ = {
			isa = PBXProject;
			attributes = {
				LastSwiftUpdateCheck = 1020;
				LastUpgradeCheck = 1020;
				ORGANIZATIONNAME = Baranseli;
				TargetAttributes = {
					074FC80B228254E100D50231 = {
						CreatedOnToolsVersion = 10.2.1;
					};
				};
			};
			buildConfigurationList = 074FC807228254E100D50231 /* Build configuration list for PBXProject "Swoosh App" */;
			compatibilityVersion = "Xcode 9.3";
			developmentRegion = en;
			hasScannedForEncodings = 0;
			knownRegions = (
				en,
				Base,
			);
			mainGroup = 074FC803228254E100D50231;
			productRefGroup = 074FC80D228254E100D50231 /* Products */;
			projectDirPath = "";
			projectRoot = "";
			targets = (
				074FC80B228254E100D50231 /* Swoosh App */,
			);
		};
/* End PBXProject section */

/* Begin PBXResourcesBuildPhase section */
		074FC80A228254E100D50231 /* Resources */ = {
			isa = PBXResourcesBuildPhase;
			buildActionMask = 2147483647;
			files = (
				074FC81A228254E200D50231 /* LaunchScreen.storyboard in Resources */,
				074FC817228254E200D50231 /* Assets.xcassets in Resources */,
				074FC815228254E100D50231 /* Main.storyboard in Resources */,
			);
			runOnlyForDeploymentPostprocessing = 0;
		};
/* End PBXResourcesBuildPhase section */

/* Begin PBXSourcesBuildPhase section */
		074FC808228254E100D50231 /* Sources */ = {
			isa = PBXSourcesBuildPhase;
			buildActionMask = 2147483647;
			files = (
				074FC812228254E100D50231 /* WelcomeVC.swift in Sources */,
				07EE282C228393D700B41D1F /* LeagueVC.swift in Sources */,
				074FC810228254E100D50231 /* AppDelegate.swift in Sources */,
				07EE282E228393EB00B41D1F /* SkillVC.swift in Sources */,
				07EE283022839FE100B41D1F /* Player.swift in Sources */,
				074FC82322825A9800D50231 /* BorderButton.swift in Sources */,
			);
			runOnlyForDeploymentPostprocessing = 0;
		};
/* End PBXSourcesBuildPhase section */

/* Begin PBXVariantGroup section */
		074FC813228254E100D50231 /* Main.storyboard */ = {
			isa = PBXVariantGroup;
			children = (
				074FC814228254E100D50231 /* Base */,
			);
			name = Main.storyboard;
			sourceTree = "<group>";
		};
		074FC818228254E200D50231 /* LaunchScreen.storyboard */ = {
			isa = PBXVariantGroup;
			children = (
				074FC819228254E200D50231 /* Base */,
			);
			name = LaunchScreen.storyboard;
			sourceTree = "<group>";
		};
/* End PBXVariantGroup section */

/* Begin XCBuildConfiguration section */
		074FC81C228254E200D50231 /* Debug */ = {
			isa = XCBuildConfiguration;
			buildSettings = {
				ALWAYS_SEARCH_USER_PATHS = NO;
				CLANG_ANALYZER_NONNULL = YES;
				CLANG_ANALYZER_NUMBER_OBJECT_CONVERSION = YES_AGGRESSIVE;
				CLANG_CXX_LANGUAGE_STANDARD = "gnu++14";
				CLANG_CXX_LIBRARY = "libc++";
				CLANG_ENABLE_MODULES = YES;
				CLANG_ENABLE_OBJC_ARC = YES;
				CLANG_ENABLE_OBJC_WEAK = YES;
				CLANG_WARN_BLOCK_CAPTURE_AUTORELEASING = YES;
				CLANG_WARN_BOOL_CONVERSION = YES;
				CLANG_WARN_COMMA = YES;
				CLANG_WARN_CONSTANT_CONVERSION = YES;
				CLANG_WARN_DEPRECATED_OBJC_IMPLEMENTATIONS = YES;
				CLANG_WARN_DIRECT_OBJC_ISA_USAGE = YES_ERROR;
				CLANG_WARN_DOCUMENTATION_COMMENTS = YES;
				CLANG_WARN_EMPTY_BODY = YES;
				CLANG_WARN_ENUM_CONVERSION = YES;
				CLANG_WARN_INFINITE_RECURSION = YES;
				CLANG_WARN_INT_CONVERSION = YES;
				CLANG_WARN_NON_LITERAL_NULL_CONVERSION = YES;
				CLANG_WARN_OBJC_IMPLICIT_RETAIN_SELF = YES;
				CLANG_WARN_OBJC_LITERAL_CONVERSION = YES;
				CLANG_WARN_OBJC_ROOT_CLASS = YES_ERROR;
				CLANG_WARN_RANGE_LOOP_ANALYSIS = YES;
				CLANG_WARN_STRICT_PROTOTYPES = YES;
				CLANG_WARN_SUSPICIOUS_MOVE = YES;
				CLANG_WARN_UNGUARDED_AVAILABILITY = YES_AGGRESSIVE;
				CLANG_WARN_UNREACHABLE_CODE = YES;
				CLANG_WARN__DUPLICATE_METHOD_MATCH = YES;
				CODE_SIGN_IDENTITY = "iPhone Developer";
				COPY_PHASE_STRIP = NO;
				DEBUG_INFORMATION_FORMAT = dwarf;
				ENABLE_STRICT_OBJC_MSGSEND = YES;
				ENABLE_TESTABILITY = YES;
				GCC_C_LANGUAGE_STANDARD = gnu11;
				GCC_DYNAMIC_NO_PIC = NO;
				GCC_NO_COMMON_BLOCKS = YES;
				GCC_OPTIMIZATION_LEVEL = 0;
				GCC_PREPROCESSOR_DEFINITIONS = (
					"DEBUG=1",
					"$(inherited)",
				);
				GCC_WARN_64_TO_32_BIT_CONVERSION = YES;
				GCC_WARN_ABOUT_RETURN_TYPE = YES_ERROR;
				GCC_WARN_UNDECLARED_SELECTOR = YES;
				GCC_WARN_UNINITIALIZED_AUTOS = YES_AGGRESSIVE;
				GCC_WARN_UNUSED_FUNCTION = YES;
				GCC_WARN_UNUSED_VARIABLE = YES;
				IPHONEOS_DEPLOYMENT_TARGET = 12.2;
				MTL_ENABLE_DEBUG_INFO = INCLUDE_SOURCE;
				MTL_FAST_MATH = YES;
				ONLY_ACTIVE_ARCH = YES;
				SDKROOT = iphoneos;
				SWIFT_ACTIVE_COMPILATION_CONDITIONS = DEBUG;
				SWIFT_OPTIMIZATION_LEVEL = "-Onone";
			};
			name = Debug;
		};
		074FC81D228254E200D50231 /* Release */ = {
			isa = XCBuildConfiguration;
			buildSettings = {
				ALWAYS_SEARCH_USER_PATHS = NO;
				CLANG_ANALYZER_NONNULL = YES;
				CLANG_ANALYZER_NUMBER_OBJECT_CONVERSION = YES_AGGRESSIVE;
				CLANG_CXX_LANGUAGE_STANDARD = "gnu++14";
				CLANG_CXX_LIBRARY = "libc++";
				CLANG_ENABLE_MODULES = YES;
				CLANG_ENABLE_OBJC_ARC = YES;
				CLANG_ENABLE_OBJC_WEAK = YES;
				CLANG_WARN_BLOCK_CAPTURE_AUTORELEASING = YES;
				CLANG_WARN_BOOL_CONVERSION = YES;
				CLANG_WARN_COMMA = YES;
				CLANG_WARN_CONSTANT_CONVERSION = YES;
				CLANG_WARN_DEPRECATED_OBJC_IMPLEMENTATIONS = YES;
				CLANG_WARN_DIRECT_OBJC_ISA_USAGE = YES_ERROR;
				CLANG_WARN_DOCUMENTATION_COMMENTS = YES;
				CLANG_WARN_EMPTY_BODY = YES;
				CLANG_WARN_ENUM_CONVERSION = YES;
				CLANG_WARN_INFINITE_RECURSION = YES;
				CLANG_WARN_INT_CONVERSION = YES;
				CLANG_WARN_NON_LITERAL_NULL_CONVERSION = YES;
				CLANG_WARN_OBJC_IMPLICIT_RETAIN_SELF = YES;
				CLANG_WARN_OBJC_LITERAL_CONVERSION = YES;
				CLANG_WARN_OBJC_ROOT_CLASS = YES_ERROR;
				CLANG_WARN_RANGE_LOOP_ANALYSIS = YES;
				CLANG_WARN_STRICT_PROTOTYPES = YES;
				CLANG_WARN_SUSPICIOUS_MOVE = YES;
				CLANG_WARN_UNGUARDED_AVAILABILITY = YES_AGGRESSIVE;
				CLANG_WARN_UNREACHABLE_CODE = YES;
				CLANG_WARN__DUPLICATE_METHOD_MATCH = YES;
				CODE_SIGN_IDENTITY = "iPhone Developer";
				COPY_PHASE_STRIP = NO;
				DEBUG_INFORMATION_FORMAT = "dwarf-with-dsym";
				ENABLE_NS_ASSERTIONS = NO;
				ENABLE_STRICT_OBJC_MSGSEND = YES;
				GCC_C_LANGUAGE_STANDARD = gnu11;
				GCC_NO_COMMON_BLOCKS = YES;
				GCC_WARN_64_TO_32_BIT_CONVERSION = YES;
				GCC_WARN_ABOUT_RETURN_TYPE = YES_ERROR;
				GCC_WARN_UNDECLARED_SELECTOR = YES;
				GCC_WARN_UNINITIALIZED_AUTOS = YES_AGGRESSIVE;
				GCC_WARN_UNUSED_FUNCTION = YES;
				GCC_WARN_UNUSED_VARIABLE = YES;
				IPHONEOS_DEPLOYMENT_TARGET = 12.2;
				MTL_ENABLE_DEBUG_INFO = NO;
				MTL_FAST_MATH = YES;
				SDKROOT = iphoneos;
				SWIFT_COMPILATION_MODE = wholemodule;
				SWIFT_OPTIMIZATION_LEVEL = "-O";
				VALIDATE_PRODUCT = YES;
			};
			name = Release;
		};
		074FC81F228254E200D50231 /* Debug */ = {
			isa = XCBuildConfiguration;
			buildSettings = {
				ASSETCATALOG_COMPILER_APPICON_NAME = AppIcon;
				CODE_SIGN_STYLE = Automatic;
				DEVELOPMENT_TEAM = 76Z7U6F8FV;
				INFOPLIST_FILE = "Swoosh App/Info.plist";
				LD_RUNPATH_SEARCH_PATHS = (
					"$(inherited)",
					"@executable_path/Frameworks",
				);
				PRODUCT_BUNDLE_IDENTIFIER = "www.baranseli.co.uk.Swoosh-App";
				PRODUCT_NAME = "$(TARGET_NAME)";
				SWIFT_VERSION = 5.0;
				TARGETED_DEVICE_FAMILY = "1,2";
			};
			name = Debug;
		};
		074FC820228254E200D50231 /* Release */ = {
			isa = XCBuildConfiguration;
			buildSettings = {
				ASSETCATALOG_COMPILER_APPICON_NAME = AppIcon;
				CODE_SIGN_STYLE = Automatic;
				DEVELOPMENT_TEAM = 76Z7U6F8FV;
				INFOPLIST_FILE = "Swoosh App/Info.plist";
				LD_RUNPATH_SEARCH_PATHS = (
					"$(inherited)",
					"@executable_path/Frameworks",
				);
				PRODUCT_BUNDLE_IDENTIFIER = "www.baranseli.co.uk.Swoosh-App";
				PRODUCT_NAME = "$(TARGET_NAME)";
				SWIFT_VERSION = 5.0;
				TARGETED_DEVICE_FAMILY = "1,2";
			};
			name = Release;
		};
/* End XCBuildConfiguration section */

/* Begin XCConfigurationList section */
		074FC807228254E100D50231 /* Build configuration list for PBXProject "Swoosh App" */ = {
			isa = XCConfigurationList;
			buildConfigurations = (
				074FC81C228254E200D50231 /* Debug */,
				074FC81D228254E200D50231 /* Release */,
			);
			defaultConfigurationIsVisible = 0;
			defaultConfigurationName = Release;
		};
		074FC81E228254E200D50231 /* Build configuration list for PBXNativeTarget "Swoosh App" */ = {
			isa = XCConfigurationList;
			buildConfigurations = (
				074FC81F228254E200D50231 /* Debug */,
				074FC820228254E200D50231 /* Release */,
			);
			defaultConfigurationIsVisible = 0;
			defaultConfigurationName = Release;
		};
/* End XCConfigurationList section */
	};
	rootObject = 074FC804228254E100D50231 /* Project object */;
}
